
Microsoft Visual Studio Solution File, Format Version 12.00
# Visual Studio 15
VisualStudioVersion = 15.0.27130.2027
MinimumVisualStudioVersion = 10.0.40219.1
Project("{2150E333-8FDC-42A3-9474-1A3956D46DE8}") = "src", "src", "{69E9A2BF-4CA8-4F04-9BD7-EB3070434119}"
EndProject
Project("{FAE04EC0-301F-11D3-BF4B-00C04F79EFBC}") = "ReactSimple.Web", "ReactSimple.Web\ReactSimple.Web.csproj", "{C0FE353D-6D59-4A14-8368-6920A0EA2BCD}"
EndProject
Project("{2150E333-8FDC-42A3-9474-1A3956D46DE8}") = "test", "test", "{C407177A-3FA8-43E9-B4B6-41E7DFEDE706}"
EndProject
Global
	GlobalSection(SolutionConfigurationPlatforms) = preSolution
		Debug|Any CPU = Debug|Any CPU
		Release|Any CPU = Release|Any CPU
	EndGlobalSection
	GlobalSection(ProjectConfigurationPlatforms) = postSolution
		{C0FE353D-6D59-4A14-8368-6920A0EA2BCD}.Debug|Any CPU.ActiveCfg = Debug|Any CPU
		{C0FE353D-6D59-4A14-8368-6920A0EA2BCD}.Debug|Any CPU.Build.0 = Debug|Any CPU
		{C0FE353D-6D59-4A14-8368-6920A0EA2BCD}.Release|Any CPU.ActiveCfg = Release|Any CPU
		{C0FE353D-6D59-4A14-8368-6920A0EA2BCD}.Release|Any CPU.Build.0 = Release|Any CPU
	EndGlobalSection
	GlobalSection(SolutionProperties) = preSolution
		HideSolutionNode = FALSE
	EndGlobalSection
	GlobalSection(NestedProjects) = preSolution
		{C0FE353D-6D59-4A14-8368-6920A0EA2BCD} = {69E9A2BF-4CA8-4F04-9BD7-EB3070434119}
	EndGlobalSection
	GlobalSection(ExtensibilityGlobals) = postSolution
		SolutionGuid = {2FA1A0E8-078D-48E4-99DC-58A021EFC809}
	EndGlobalSection
EndGlobal
